Microsoft Visual Studio Solution File, Format Version 12.00
# Visual Studio 2012
Project("{FAE04EC0-301F-11D3-BF4B-00C04F79EFBC}") = "Hurtman", "Hurtman.csproj", "{6C3EC2CA-3C13-49D6-A805-F07EBE8250DC}"
EndProject
Global
	GlobalSection(SolutionConfigurationPlatforms) = preSolution
	Debug|Any CPU = Debug|Any CPU
	ExportDebug|Any CPU = ExportDebug|Any CPU
	ExportRelease|Any CPU = ExportRelease|Any CPU
	EndGlobalSection
	GlobalSection(ProjectConfigurationPlatforms) = postSolution
		{6C3EC2CA-3C13-49D6-A805-F07EBE8250DC}.Debug|Any CPU.ActiveCfg = Debug|Any CPU
		{6C3EC2CA-3C13-49D6-A805-F07EBE8250DC}.Debug|Any CPU.Build.0 = Debug|Any CPU
		{6C3EC2CA-3C13-49D6-A805-F07EBE8250DC}.ExportDebug|Any CPU.ActiveCfg = ExportDebug|Any CPU
		{6C3EC2CA-3C13-49D6-A805-F07EBE8250DC}.ExportDebug|Any CPU.Build.0 = ExportDebug|Any CPU
		{6C3EC2CA-3C13-49D6-A805-F07EBE8250DC}.ExportRelease|Any CPU.ActiveCfg = ExportRelease|Any CPU
		{6C3EC2CA-3C13-49D6-A805-F07EBE8250DC}.ExportRelease|Any CPU.Build.0 = ExportRelease|Any CPU
	EndGlobalSection
EndGlobal
